{
  "requires": true,
  "lockfileVersion": 1,
  "dependencies": {
    "status-code-enum": {
      "version": "1.0.0",
      "resolved": "https://registry.npmjs.org/status-code-enum/-/status-code-enum-1.0.0.tgz",
      "integrity": "sha512-aDTkL2wug8wYX8i0a2K1foqIDaJyGF/a3I0KTZ9gD4MJaxzd7/LKD1VQ2rXL5u7fWESVY+qY2LQLqj6LK/YXiA==",
      "dev": true
    }
  }
}
